
Microsoft Visual Studio Solution File, Format Version 12.00
# Visual Studio 14
VisualStudioVersion = 14.0.25420.1
MinimumVisualStudioVersion = 10.0.40219.1
Project("{8BC9CEB8-8B4A-11D0-8D11-00A0C91BC942}") = "DrawCircleWithTriangles", "DrawCircleWithTriangles\DrawCircleWithTriangles.vcxproj", "{C99EC038-9389-4E4E-88B2-5A2699C84223}"
EndProject
Project("{8BC9CEB8-8B4A-11D0-8D11-00A0C91BC942}") = "GL_TRIANGLE_STRIP", "GL_TRIANGLE_STRIP\GL_TRIANGLE_STRIP.vcxproj", "{E8D4BCEA-1C75-4FE4-8A1C-F1F3BC5086F4}"
EndProject
Project("{8BC9CEB8-8B4A-11D0-8D11-00A0C91BC942}") = "TriangleColor", "TriangleColor\TriangleColor.vcxproj", "{DC863ABD-4E1A-4569-B1B6-420956E4891B}"
EndProject
Project("{8BC9CEB8-8B4A-11D0-8D11-00A0C91BC942}") = "DrawLine", "DrawLine\DrawLine.vcxproj", "{350C9671-41A6-4D69-8806-A57CD58E858A}"
EndProject
Project("{8BC9CEB8-8B4A-11D0-8D11-00A0C91BC942}") = "BezierLine", "BezierLine\BezierLine.vcxproj", "{502621D9-1A96-4153-9D5E-11FE4B9E0324}"
EndProject
Global
	GlobalSection(SolutionConfigurationPlatforms) = preSolution
		Debug|x64 = Debug|x64
		Debug|x86 = Debug|x86
		Release|x64 = Release|x64
		Release|x86 = Release|x86
	EndGlobalSection
	GlobalSection(ProjectConfigurationPlatforms) = postSolution
		{C99EC038-9389-4E4E-88B2-5A2699C84223}.Debug|x64.ActiveCfg = Debug|x64
		{C99EC038-9389-4E4E-88B2-5A2699C84223}.Debug|x64.Build.0 = Debug|x64
		{C99EC038-9389-4E4E-88B2-5A2699C84223}.Debug|x86.ActiveCfg = Debug|Win32
		{C99EC038-9389-4E4E-88B2-5A2699C84223}.Debug|x86.Build.0 = Debug|Win32
		{C99EC038-9389-4E4E-88B2-5A2699C84223}.Release|x64.ActiveCfg = Release|x64
		{C99EC038-9389-4E4E-88B2-5A2699C84223}.Release|x64.Build.0 = Release|x64
		{C99EC038-9389-4E4E-88B2-5A2699C84223}.Release|x86.ActiveCfg = Release|Win32
		{C99EC038-9389-4E4E-88B2-5A2699C84223}.Release|x86.Build.0 = Release|Win32
		{E8D4BCEA-1C75-4FE4-8A1C-F1F3BC5086F4}.Debug|x64.ActiveCfg = Debug|x64
		{E8D4BCEA-1C75-4FE4-8A1C-F1F3BC5086F4}.Debug|x64.Build.0 = Debug|x64
		{E8D4BCEA-1C75-4FE4-8A1C-F1F3BC5086F4}.Debug|x86.ActiveCfg = Debug|Win32
		{E8D4BCEA-1C75-4FE4-8A1C-F1F3BC5086F4}.Debug|x86.Build.0 = Debug|Win32
		{E8D4BCEA-1C75-4FE4-8A1C-F1F3BC5086F4}.Release|x64.ActiveCfg = Release|x64
		{E8D4BCEA-1C75-4FE4-8A1C-F1F3BC5086F4}.Release|x64.Build.0 = Release|x64
		{E8D4BCEA-1C75-4FE4-8A1C-F1F3BC5086F4}.Release|x86.ActiveCfg = Release|Win32
		{E8D4BCEA-1C75-4FE4-8A1C-F1F3BC5086F4}.Release|x86.Build.0 = Release|Win32
		{DC863ABD-4E1A-4569-B1B6-420956E4891B}.Debug|x64.ActiveCfg = Debug|x64
		{DC863ABD-4E1A-4569-B1B6-420956E4891B}.Debug|x64.Build.0 = Debug|x64
		{DC863ABD-4E1A-4569-B1B6-420956E4891B}.Debug|x86.ActiveCfg = Debug|Win32
		{DC863ABD-4E1A-4569-B1B6-420956E4891B}.Debug|x86.Build.0 = Debug|Win32
		{DC863ABD-4E1A-4569-B1B6-420956E4891B}.Release|x64.ActiveCfg = Release|x64
		{DC863ABD-4E1A-4569-B1B6-420956E4891B}.Release|x64.Build.0 = Release|x64
		{DC863ABD-4E1A-4569-B1B6-420956E4891B}.Release|x86.ActiveCfg = Release|Win32
		{DC863ABD-4E1A-4569-B1B6-420956E4891B}.Release|x86.Build.0 = Release|Win32
		{350C9671-41A6-4D69-8806-A57CD58E858A}.Debug|x64.ActiveCfg = Debug|x64
		{350C9671-41A6-4D69-8806-A57CD58E858A}.Debug|x64.Build.0 = Debug|x64
		{350C9671-41A6-4D69-8806-A57CD58E858A}.Debug|x86.ActiveCfg = Debug|Win32
		{350C9671-41A6-4D69-8806-A57CD58E858A}.Debug|x86.Build.0 = Debug|Win32
		{350C9671-41A6-4D69-8806-A57CD58E858A}.Release|x64.ActiveCfg = Release|x64
		{350C9671-41A6-4D69-8806-A57CD58E858A}.Release|x64.Build.0 = Release|x64
		{350C9671-41A6-4D69-8806-A57CD58E858A}.Release|x86.ActiveCfg = Release|Win32
		{350C9671-41A6-4D69-8806-A57CD58E858A}.Release|x86.Build.0 = Release|Win32
		{502621D9-1A96-4153-9D5E-11FE4B9E0324}.Debug|x64.ActiveCfg = Debug|x64
		{502621D9-1A96-4153-9D5E-11FE4B9E0324}.Debug|x64.Build.0 = Debug|x64
		{502621D9-1A96-4153-9D5E-11FE4B9E0324}.Debug|x86.ActiveCfg = Debug|Win32
		{502621D9-1A96-4153-9D5E-11FE4B9E0324}.Debug|x86.Build.0 = Debug|Win32
		{502621D9-1A96-4153-9D5E-11FE4B9E0324}.Release|x64.ActiveCfg = Release|x64
		{502621D9-1A96-4153-9D5E-11FE4B9E0324}.Release|x64.Build.0 = Release|x64
		{502621D9-1A96-4153-9D5E-11FE4B9E0324}.Release|x86.ActiveCfg = Release|Win32
		{502621D9-1A96-4153-9D5E-11FE4B9E0324}.Release|x86.Build.0 = Release|Win32
	EndGlobalSection
	GlobalSection(SolutionProperties) = preSolution
		HideSolutionNode = FALSE
	EndGlobalSection
EndGlobal
